
Microsoft Visual Studio Solution File, Format Version 12.00
# Visual Studio Version 17
VisualStudioVersion = 17.4.33205.214
MinimumVisualStudioVersion = 10.0.40219.1
Project("{9A19103F-16F7-4668-BE54-9A1E7A4F7556}") = "MadSadGladApi", "MadSadGladApi.csproj", "{A1ECB1E3-6742-41BB-8FFE-4C52E94EF0D5}"
EndProject
Global
	GlobalSection(SolutionConfigurationPlatforms) = preSolution
		Debug|Any CPU = Debug|Any CPU
		Release|Any CPU = Release|Any CPU
	EndGlobalSection
	GlobalSection(ProjectConfigurationPlatforms) = postSolution
		{A1ECB1E3-6742-41BB-8FFE-4C52E94EF0D5}.Debug|Any CPU.ActiveCfg = Debug|Any CPU
		{A1ECB1E3-6742-41BB-8FFE-4C52E94EF0D5}.Debug|Any CPU.Build.0 = Debug|Any CPU
		{A1ECB1E3-6742-41BB-8FFE-4C52E94EF0D5}.Release|Any CPU.ActiveCfg = Release|Any CPU
		{A1ECB1E3-6742-41BB-8FFE-4C52E94EF0D5}.Release|Any CPU.Build.0 = Release|Any CPU
	EndGlobalSection
	GlobalSection(SolutionProperties) = preSolution
		HideSolutionNode = FALSE
	EndGlobalSection
	GlobalSection(ExtensibilityGlobals) = postSolution
		SolutionGuid = {D4958F80-4123-4187-9222-D08DB0110B90}
	EndGlobalSection
EndGlobal
